
Microsoft Visual Studio Solution File, Format Version 12.00
# Visual Studio 14
VisualStudioVersion = 14.0.25420.1
MinimumVisualStudioVersion = 10.0.40219.1
Project("{FAE04EC0-301F-11D3-BF4B-00C04F79EFBC}") = "Try", "Try\Try.csproj", "{CEFEC5D1-860D-46AF-A60D-8BA7D4F69692}"
EndProject
Global
	GlobalSection(SolutionConfigurationPlatforms) = preSolution
		Debug|Any CPU = Debug|Any CPU
		Release|Any CPU = Release|Any CPU
	EndGlobalSection
	GlobalSection(ProjectConfigurationPlatforms) = postSolution
		{CEFEC5D1-860D-46AF-A60D-8BA7D4F69692}.Debug|Any CPU.ActiveCfg = Debug|Any CPU
		{CEFEC5D1-860D-46AF-A60D-8BA7D4F69692}.Debug|Any CPU.Build.0 = Debug|Any CPU
		{CEFEC5D1-860D-46AF-A60D-8BA7D4F69692}.Release|Any CPU.ActiveCfg = Release|Any CPU
		{CEFEC5D1-860D-46AF-A60D-8BA7D4F69692}.Release|Any CPU.Build.0 = Release|Any CPU
	EndGlobalSection
	GlobalSection(SolutionProperties) = preSolution
		HideSolutionNode = FALSE
	EndGlobalSection
EndGlobal
